schema: '2.0'
stages:
  prepare:
    cmd: python src/create_features_w_params.py
    deps:
    - path: data/adult.data
      hash: md5
      md5: 5d7c39d7b8804f071cdd1f2a7c460872
      size: 3974305
    - path: data/adult.test
      hash: md5
      md5: 366c746021dc50ad9d933d2817612fc9
      size: 2003132
    - path: src/create_features.py
      hash: md5
      md5: b93aea27ba45f8b24bdd52928f1f2b99
      size: 2564
    params:
      params.yaml:
        features.chi2percentile: 75
        features.test_path: data/adult.test
        features.train_path: data/adult.data
    outs:
    - path: data/pipeline.pkl
      hash: md5
      md5: 4dd49db83f7c3cbf15835528ee4f678f
      size: 6072
    - path: data/processed_test_data.csv
      hash: md5
      md5: d9665d7402ba3c523964dde12b6f0e13
      size: 7037777
    - path: data/processed_train_data.csv
      hash: md5
      md5: 6283164add58dd8226fa912c3453db02
      size: 14086142
