schema: '2.0'
stages:
  prepare:
    cmd: python src/preprocessing.py
    deps:
    - path: labs/lab3/data/predictor_bronze.csv
      hash: md5
      md5: 14bbe4fe712c85dec53d36f392577d67
      size: 2450
    - path: labs/lab3/data/target_bronze.csv
      hash: md5
      md5: 7954dac908e136cdd1510766ff819472
      size: 2156
    outs:
    - path: labs/lab3/data/Iris_Silver.csv
      hash: md5
      md5: de9b4a64a1e7872bc584ed1c1c278df5
      size: 5097
